{
    "hash": "b7dbb6f5435470aa480a834f001a12ef",
    "packages": [
        {
            "name": "tickbw/riak-php-client",
            "version": "dev-master",
            "source": {
                "type": "git",
                "url": "https://github.com/tickbw/riak-php-client.git",
                "reference": "cf4744568af01c56d9b8d699c7f15f1a68b77c04"
            },
            "dist": {
                "type": "zip",
                "url": "https://api.github.com/repos/tickbw/riak-php-client/zipball/cf4744568af01c56d9b8d699c7f15f1a68b77c04",
                "reference": "cf4744568af01c56d9b8d699c7f15f1a68b77c04",
                "shasum": ""
            },
            "require": {
                "php": ">=5.3.0"
            },
            "type": "library",
            "autoload": {
                "psr-0": {
                    "Riak": "src/"
                }
            },
            "notification-url": "https://packagist.org/downloads/",
            "license": [
                "Apache 2.0"
            ],
            "authors": [
                {
                    "name": "Ben Wann",
                    "email": "ben.wann@gmail.com",
                    "homepage": "http://github.com/tickbw",
                    "role": "Developer"
                }
            ],
            "description": "Client Library to access Riak, distributed database",
            "homepage": "https://github.com/tickbw/riak-php-client",
            "keywords": [
                "database",
                "driver",
                "nosql"
            ],
            "time": "2013-03-06 19:59:34"
        }
    ],
    "packages-dev": null,
    "aliases": [

    ],
    "minimum-stability": "dev",
    "stability-flags": {
        "tickbw/riak-php-client": 20
    },
    "platform": [

    ],
    "platform-dev": [

    ]
}
